
Microsoft Visual Studio Solution File, Format Version 12.00
# Visual Studio 15
VisualStudioVersion = 15.0.27703.2026
MinimumVisualStudioVersion = 10.0.40219.1
Project("{FAE04EC0-301F-11D3-BF4B-00C04F79EFBC}") = "EFConsole", "EFConsole\EFConsole.csproj", "{C3E16B4E-0F28-40F8-9FF3-485CF9A3200F}"
EndProject
Project("{FAE04EC0-301F-11D3-BF4B-00C04F79EFBC}") = "EFConsole2", "EFConsole2\EFConsole2.csproj", "{BFF2EE7E-64C3-4BF5-80EC-C845142C794C}"
EndProject
Project("{FAE04EC0-301F-11D3-BF4B-00C04F79EFBC}") = "EFConsole3", "EFConsole3\EFConsole3.csproj", "{C69A8D90-FBFB-4B69-A1D8-A71C963AC9A6}"
EndProject
Project("{FAE04EC0-301F-11D3-BF4B-00C04F79EFBC}") = "EFConsole4", "EFConsole4\EFConsole4.csproj", "{829DB9B4-1EE4-4940-A724-018C45C94B3B}"
EndProject
Project("{FAE04EC0-301F-11D3-BF4B-00C04F79EFBC}") = "EFConsole5", "EFConsole5\EFConsole5.csproj", "{1C49FEE7-A147-46BF-A65A-521A6D61D909}"
EndProject
Project("{FAE04EC0-301F-11D3-BF4B-00C04F79EFBC}") = "EFConsole6", "EFConsole6\EFConsole6.csproj", "{1D711416-98A6-4A41-8B37-3A7BAFC68CE6}"
EndProject
Global
	GlobalSection(SolutionConfigurationPlatforms) = preSolution
		Debug|Any CPU = Debug|Any CPU
		Release|Any CPU = Release|Any CPU
	EndGlobalSection
	GlobalSection(ProjectConfigurationPlatforms) = postSolution
		{C3E16B4E-0F28-40F8-9FF3-485CF9A3200F}.Debug|Any CPU.ActiveCfg = Debug|Any CPU
		{C3E16B4E-0F28-40F8-9FF3-485CF9A3200F}.Debug|Any CPU.Build.0 = Debug|Any CPU
		{C3E16B4E-0F28-40F8-9FF3-485CF9A3200F}.Release|Any CPU.ActiveCfg = Release|Any CPU
		{C3E16B4E-0F28-40F8-9FF3-485CF9A3200F}.Release|Any CPU.Build.0 = Release|Any CPU
		{BFF2EE7E-64C3-4BF5-80EC-C845142C794C}.Debug|Any CPU.ActiveCfg = Debug|Any CPU
		{BFF2EE7E-64C3-4BF5-80EC-C845142C794C}.Debug|Any CPU.Build.0 = Debug|Any CPU
		{BFF2EE7E-64C3-4BF5-80EC-C845142C794C}.Release|Any CPU.ActiveCfg = Release|Any CPU
		{BFF2EE7E-64C3-4BF5-80EC-C845142C794C}.Release|Any CPU.Build.0 = Release|Any CPU
		{C69A8D90-FBFB-4B69-A1D8-A71C963AC9A6}.Debug|Any CPU.ActiveCfg = Debug|Any CPU
		{C69A8D90-FBFB-4B69-A1D8-A71C963AC9A6}.Debug|Any CPU.Build.0 = Debug|Any CPU
		{C69A8D90-FBFB-4B69-A1D8-A71C963AC9A6}.Release|Any CPU.ActiveCfg = Release|Any CPU
		{C69A8D90-FBFB-4B69-A1D8-A71C963AC9A6}.Release|Any CPU.Build.0 = Release|Any CPU
		{829DB9B4-1EE4-4940-A724-018C45C94B3B}.Debug|Any CPU.ActiveCfg = Debug|Any CPU
		{829DB9B4-1EE4-4940-A724-018C45C94B3B}.Debug|Any CPU.Build.0 = Debug|Any CPU
		{829DB9B4-1EE4-4940-A724-018C45C94B3B}.Release|Any CPU.ActiveCfg = Release|Any CPU
		{829DB9B4-1EE4-4940-A724-018C45C94B3B}.Release|Any CPU.Build.0 = Release|Any CPU
		{1C49FEE7-A147-46BF-A65A-521A6D61D909}.Debug|Any CPU.ActiveCfg = Debug|Any CPU
		{1C49FEE7-A147-46BF-A65A-521A6D61D909}.Debug|Any CPU.Build.0 = Debug|Any CPU
		{1C49FEE7-A147-46BF-A65A-521A6D61D909}.Release|Any CPU.ActiveCfg = Release|Any CPU
		{1C49FEE7-A147-46BF-A65A-521A6D61D909}.Release|Any CPU.Build.0 = Release|Any CPU
		{1D711416-98A6-4A41-8B37-3A7BAFC68CE6}.Debug|Any CPU.ActiveCfg = Debug|Any CPU
		{1D711416-98A6-4A41-8B37-3A7BAFC68CE6}.Debug|Any CPU.Build.0 = Debug|Any CPU
		{1D711416-98A6-4A41-8B37-3A7BAFC68CE6}.Release|Any CPU.ActiveCfg = Release|Any CPU
		{1D711416-98A6-4A41-8B37-3A7BAFC68CE6}.Release|Any CPU.Build.0 = Release|Any CPU
	EndGlobalSection
	GlobalSection(SolutionProperties) = preSolution
		HideSolutionNode = FALSE
	EndGlobalSection
	GlobalSection(ExtensibilityGlobals) = postSolution
		SolutionGuid = {8118F7E9-AAFB-4262-9A03-B85983D27430}
	EndGlobalSection
EndGlobal
